
Microsoft Visual Studio Solution File, Format Version 12.00
# Visual Studio Version 16
VisualStudioVersion = 16.0.30011.22
MinimumVisualStudioVersion = 10.0.40219.1
Project("{9A19103F-16F7-4668-BE54-9A1E7A4F7556}") = "Akka.NetTests", "tests\Akka.NetTests\Akka.NetTests.csproj", "{85C7C0D2-FA0B-4437-A5EA-B859EC12ACA2}"
EndProject
Project("{FAE04EC0-301F-11D3-BF4B-00C04F79EFBC}") = "Akka.MultiNodeTestRunner", "tests\Akka.MultiNodeTestRunner\Akka.MultiNodeTestRunner.csproj", "{F03AE8A7-4972-45B8-B3BD-02F8AF151947}"
EndProject
Global
	GlobalSection(SolutionConfigurationPlatforms) = preSolution
		Debug|Any CPU = Debug|Any CPU
		Debug|x64 = Debug|x64
		Release|Any CPU = Release|Any CPU
		Release|x64 = Release|x64
	EndGlobalSection
	GlobalSection(ProjectConfigurationPlatforms) = postSolution
		{85C7C0D2-FA0B-4437-A5EA-B859EC12ACA2}.Debug|Any CPU.ActiveCfg = Debug|Any CPU
		{85C7C0D2-FA0B-4437-A5EA-B859EC12ACA2}.Debug|Any CPU.Build.0 = Debug|Any CPU
		{85C7C0D2-FA0B-4437-A5EA-B859EC12ACA2}.Debug|x64.ActiveCfg = Debug|x64
		{85C7C0D2-FA0B-4437-A5EA-B859EC12ACA2}.Debug|x64.Build.0 = Debug|x64
		{85C7C0D2-FA0B-4437-A5EA-B859EC12ACA2}.Release|Any CPU.ActiveCfg = Release|Any CPU
		{85C7C0D2-FA0B-4437-A5EA-B859EC12ACA2}.Release|Any CPU.Build.0 = Release|Any CPU
		{85C7C0D2-FA0B-4437-A5EA-B859EC12ACA2}.Release|x64.ActiveCfg = Release|Any CPU
		{85C7C0D2-FA0B-4437-A5EA-B859EC12ACA2}.Release|x64.Build.0 = Release|Any CPU
		{F03AE8A7-4972-45B8-B3BD-02F8AF151947}.Debug|Any CPU.ActiveCfg = Debug|Any CPU
		{F03AE8A7-4972-45B8-B3BD-02F8AF151947}.Debug|Any CPU.Build.0 = Debug|Any CPU
		{F03AE8A7-4972-45B8-B3BD-02F8AF151947}.Debug|x64.ActiveCfg = Debug|x64
		{F03AE8A7-4972-45B8-B3BD-02F8AF151947}.Debug|x64.Build.0 = Debug|x64
		{F03AE8A7-4972-45B8-B3BD-02F8AF151947}.Release|Any CPU.ActiveCfg = Release|Any CPU
		{F03AE8A7-4972-45B8-B3BD-02F8AF151947}.Release|Any CPU.Build.0 = Release|Any CPU
		{F03AE8A7-4972-45B8-B3BD-02F8AF151947}.Release|x64.ActiveCfg = Release|Any CPU
		{F03AE8A7-4972-45B8-B3BD-02F8AF151947}.Release|x64.Build.0 = Release|Any CPU
	EndGlobalSection
	GlobalSection(SolutionProperties) = preSolution
		HideSolutionNode = FALSE
	EndGlobalSection
	GlobalSection(ExtensibilityGlobals) = postSolution
		SolutionGuid = {5F950F10-C3A9-4371-B9C7-8C1F41EA2DDF}
	EndGlobalSection
EndGlobal
